
Microsoft Visual Studio Solution File, Format Version 12.00
# Visual Studio 14
VisualStudioVersion = 14.0.24720.0
MinimumVisualStudioVersion = 10.0.40219.1
Project("{FAE04EC0-301F-11D3-BF4B-00C04F79EFBC}") = "Task_4", "Task_4\Task_4.csproj", "{761197DE-5617-4848-9DC2-4916113BC8AE}"
EndProject
Project("{2150E333-8FDC-42A3-9474-1A3956D46DE8}") = "Task5", "Task5", "{5E4F20BB-7674-45D2-8D8E-EA493B482351}"
	ProjectSection(SolutionItems) = preProject
		MyTestClass5.cs = MyTestClass5.cs
	EndProjectSection
EndProject
Project("{FAE04EC0-301F-11D3-BF4B-00C04F79EFBC}") = "ConsoleApplication1", "ConsoleApplication1\ConsoleApplication1.csproj", "{D795E24F-6650-4A7C-9887-EF8CFB56F856}"
EndProject
Project("{FAE04EC0-301F-11D3-BF4B-00C04F79EFBC}") = "Task_5_3", "Task_5_3\Task_5_3.csproj", "{7A90430A-FC67-4DAC-B457-B8F5BEDFD92F}"
EndProject
Project("{FAE04EC0-301F-11D3-BF4B-00C04F79EFBC}") = "Task_1", "Task_1\Task_1.csproj", "{BCF134C1-38B5-4A02-8DE6-70296E20339D}"
EndProject
Project("{FAE04EC0-301F-11D3-BF4B-00C04F79EFBC}") = "Task_2", "Task_2\Task_2.csproj", "{34F87070-162C-4286-A175-707E576AC72A}"
EndProject
Project("{FAE04EC0-301F-11D3-BF4B-00C04F79EFBC}") = "Task_3", "Task_3\Task_3.csproj", "{82146C49-1D51-45D1-BA64-BE1DCB67B02F}"
EndProject
Global
	GlobalSection(SolutionConfigurationPlatforms) = preSolution
		Debug|Any CPU = Debug|Any CPU
		Release|Any CPU = Release|Any CPU
	EndGlobalSection
	GlobalSection(ProjectConfigurationPlatforms) = postSolution
		{761197DE-5617-4848-9DC2-4916113BC8AE}.Debug|Any CPU.ActiveCfg = Debug|Any CPU
		{761197DE-5617-4848-9DC2-4916113BC8AE}.Debug|Any CPU.Build.0 = Debug|Any CPU
		{761197DE-5617-4848-9DC2-4916113BC8AE}.Release|Any CPU.ActiveCfg = Release|Any CPU
		{761197DE-5617-4848-9DC2-4916113BC8AE}.Release|Any CPU.Build.0 = Release|Any CPU
		{D795E24F-6650-4A7C-9887-EF8CFB56F856}.Debug|Any CPU.ActiveCfg = Debug|Any CPU
		{D795E24F-6650-4A7C-9887-EF8CFB56F856}.Debug|Any CPU.Build.0 = Debug|Any CPU
		{D795E24F-6650-4A7C-9887-EF8CFB56F856}.Release|Any CPU.ActiveCfg = Release|Any CPU
		{D795E24F-6650-4A7C-9887-EF8CFB56F856}.Release|Any CPU.Build.0 = Release|Any CPU
		{7A90430A-FC67-4DAC-B457-B8F5BEDFD92F}.Debug|Any CPU.ActiveCfg = Debug|Any CPU
		{7A90430A-FC67-4DAC-B457-B8F5BEDFD92F}.Debug|Any CPU.Build.0 = Debug|Any CPU
		{7A90430A-FC67-4DAC-B457-B8F5BEDFD92F}.Release|Any CPU.ActiveCfg = Release|Any CPU
		{7A90430A-FC67-4DAC-B457-B8F5BEDFD92F}.Release|Any CPU.Build.0 = Release|Any CPU
		{BCF134C1-38B5-4A02-8DE6-70296E20339D}.Debug|Any CPU.ActiveCfg = Debug|Any CPU
		{BCF134C1-38B5-4A02-8DE6-70296E20339D}.Debug|Any CPU.Build.0 = Debug|Any CPU
		{BCF134C1-38B5-4A02-8DE6-70296E20339D}.Release|Any CPU.ActiveCfg = Release|Any CPU
		{BCF134C1-38B5-4A02-8DE6-70296E20339D}.Release|Any CPU.Build.0 = Release|Any CPU
		{34F87070-162C-4286-A175-707E576AC72A}.Debug|Any CPU.ActiveCfg = Debug|Any CPU
		{34F87070-162C-4286-A175-707E576AC72A}.Debug|Any CPU.Build.0 = Debug|Any CPU
		{34F87070-162C-4286-A175-707E576AC72A}.Release|Any CPU.ActiveCfg = Release|Any CPU
		{34F87070-162C-4286-A175-707E576AC72A}.Release|Any CPU.Build.0 = Release|Any CPU
		{82146C49-1D51-45D1-BA64-BE1DCB67B02F}.Debug|Any CPU.ActiveCfg = Debug|Any CPU
		{82146C49-1D51-45D1-BA64-BE1DCB67B02F}.Debug|Any CPU.Build.0 = Debug|Any CPU
		{82146C49-1D51-45D1-BA64-BE1DCB67B02F}.Release|Any CPU.ActiveCfg = Release|Any CPU
		{82146C49-1D51-45D1-BA64-BE1DCB67B02F}.Release|Any CPU.Build.0 = Release|Any CPU
	EndGlobalSection
	GlobalSection(SolutionProperties) = preSolution
		HideSolutionNode = FALSE
	EndGlobalSection
EndGlobal
