
Microsoft Visual Studio Solution File, Format Version 12.00
# Visual Studio 14
VisualStudioVersion = 14.0.24720.0
MinimumVisualStudioVersion = 10.0.40219.1
Project("{FAE04EC0-301F-11D3-BF4B-00C04F79EFBC}") = "Task_4", "Task_4\Task_4.csproj", "{761197DE-5617-4848-9DC2-4916113BC8AE}"
EndProject
Project("{2150E333-8FDC-42A3-9474-1A3956D46DE8}") = "Task5", "Task5", "{5E4F20BB-7674-45D2-8D8E-EA493B482351}"
	ProjectSection(SolutionItems) = preProject
		MyTestClass5.cs = MyTestClass5.cs
	EndProjectSection
EndProject
Project("{FAE04EC0-301F-11D3-BF4B-00C04F79EFBC}") = "ConsoleApplication1", "ConsoleApplication1\ConsoleApplication1.csproj", "{D795E24F-6650-4A7C-9887-EF8CFB56F856}"
EndProject
Project("{FAE04EC0-301F-11D3-BF4B-00C04F79EFBC}") = "Task_5_3", "Task_5_3\Task_5_3.csproj", "{7A90430A-FC67-4DAC-B457-B8F5BEDFD92F}"
EndProject
Project("{FAE04EC0-301F-11D3-BF4B-00C04F79EFBC}") = "Task_1", "Task_1\Task_1.csproj", "{BCF134C1-38B5-4A02-8DE6-70296E20339D}"
EndProject
Project("{FAE04EC0-301F-11D3-BF4B-00C04F79EFBC}") = "Task_2", "Task_2\Task_2.csproj", "{34F87070-162C-4286-A175-707E576AC72A}"
EndProject
Project("{FAE04EC0-301F-11D3-BF4B-00C04F79EFBC}") = "Task_3", "Task_3\Task_3.csproj", "{82146C49-1D51-45D1-BA64-BE1DCB67B02F}"
EndProject
Project("{FAE04EC0-301F-11D3-BF4B-00C04F79EFBC}") = "Task4", "Task4\Task4.csproj", "{2003DDF5-F67C-4A39-AE9B-93502156052B}"
EndProject
Project("{FAE04EC0-301F-11D3-BF4B-00C04F79EFBC}") = "Task_5", "Task_5\Task_5.csproj", "{EF07D726-DD79-4ED3-BCE4-FDD8BF1502A5}"
EndProject
Project("{FAE04EC0-301F-11D3-BF4B-00C04F79EFBC}") = "Task_6", "Task_6\Task_6.csproj", "{2B009F24-AED7-4427-AD9D-BFBD9F7ED2A8}"
EndProject
Project("{FAE04EC0-301F-11D3-BF4B-00C04F79EFBC}") = "Task_7", "Task_7\Task_7.csproj", "{0C35626A-0BA0-42B3-B245-888042807E9D}"
EndProject
Project("{FAE04EC0-301F-11D3-BF4B-00C04F79EFBC}") = "Task_8", "Task_8\Task_8.csproj", "{D4BBD9A7-1BB9-4A85-8A32-A462B36410EF}"
EndProject
Project("{FAE04EC0-301F-11D3-BF4B-00C04F79EFBC}") = "Task_9", "Task_9\Task_9.csproj", "{2F88DB58-8D5F-4D54-A3D1-785BE643FE6F}"
EndProject
Project("{FAE04EC0-301F-11D3-BF4B-00C04F79EFBC}") = "Task_10", "Task_10\Task_10.csproj", "{BF8B3021-3312-4008-8749-1938E6DACE51}"
EndProject
Project("{FAE04EC0-301F-11D3-BF4B-00C04F79EFBC}") = "Task_11", "Task_11\Task_11.csproj", "{63C73A2C-528A-40D9-9EE2-D39F0BEC6270}"
EndProject
Project("{FAE04EC0-301F-11D3-BF4B-00C04F79EFBC}") = "Task_12", "Task_12\Task_12.csproj", "{A9969405-B5CC-4057-A43D-7EEF565889EC}"
EndProject
Project("{FAE04EC0-301F-11D3-BF4B-00C04F79EFBC}") = "Task_13", "Task_13\Task_13.csproj", "{C1A8176B-9386-4B80-806B-B584E8A20379}"
EndProject
Project("{FAE04EC0-301F-11D3-BF4B-00C04F79EFBC}") = "Task_14", "Task_14\Task_14.csproj", "{CE2FCD9B-63DE-486A-A97B-3C9B1FC7DA63}"
EndProject
Global
	GlobalSection(SolutionConfigurationPlatforms) = preSolution
		Debug|Any CPU = Debug|Any CPU
		Release|Any CPU = Release|Any CPU
	EndGlobalSection
	GlobalSection(ProjectConfigurationPlatforms) = postSolution
		{761197DE-5617-4848-9DC2-4916113BC8AE}.Debug|Any CPU.ActiveCfg = Debug|Any CPU
		{761197DE-5617-4848-9DC2-4916113BC8AE}.Debug|Any CPU.Build.0 = Debug|Any CPU
		{761197DE-5617-4848-9DC2-4916113BC8AE}.Release|Any CPU.ActiveCfg = Release|Any CPU
		{761197DE-5617-4848-9DC2-4916113BC8AE}.Release|Any CPU.Build.0 = Release|Any CPU
		{D795E24F-6650-4A7C-9887-EF8CFB56F856}.Debug|Any CPU.ActiveCfg = Debug|Any CPU
		{D795E24F-6650-4A7C-9887-EF8CFB56F856}.Debug|Any CPU.Build.0 = Debug|Any CPU
		{D795E24F-6650-4A7C-9887-EF8CFB56F856}.Release|Any CPU.ActiveCfg = Release|Any CPU
		{D795E24F-6650-4A7C-9887-EF8CFB56F856}.Release|Any CPU.Build.0 = Release|Any CPU
		{7A90430A-FC67-4DAC-B457-B8F5BEDFD92F}.Debug|Any CPU.ActiveCfg = Debug|Any CPU
		{7A90430A-FC67-4DAC-B457-B8F5BEDFD92F}.Debug|Any CPU.Build.0 = Debug|Any CPU
		{7A90430A-FC67-4DAC-B457-B8F5BEDFD92F}.Release|Any CPU.ActiveCfg = Release|Any CPU
		{7A90430A-FC67-4DAC-B457-B8F5BEDFD92F}.Release|Any CPU.Build.0 = Release|Any CPU
		{BCF134C1-38B5-4A02-8DE6-70296E20339D}.Debug|Any CPU.ActiveCfg = Debug|Any CPU
		{BCF134C1-38B5-4A02-8DE6-70296E20339D}.Debug|Any CPU.Build.0 = Debug|Any CPU
		{BCF134C1-38B5-4A02-8DE6-70296E20339D}.Release|Any CPU.ActiveCfg = Release|Any CPU
		{BCF134C1-38B5-4A02-8DE6-70296E20339D}.Release|Any CPU.Build.0 = Release|Any CPU
		{34F87070-162C-4286-A175-707E576AC72A}.Debug|Any CPU.ActiveCfg = Debug|Any CPU
		{34F87070-162C-4286-A175-707E576AC72A}.Debug|Any CPU.Build.0 = Debug|Any CPU
		{34F87070-162C-4286-A175-707E576AC72A}.Release|Any CPU.ActiveCfg = Release|Any CPU
		{34F87070-162C-4286-A175-707E576AC72A}.Release|Any CPU.Build.0 = Release|Any CPU
		{82146C49-1D51-45D1-BA64-BE1DCB67B02F}.Debug|Any CPU.ActiveCfg = Debug|Any CPU
		{82146C49-1D51-45D1-BA64-BE1DCB67B02F}.Debug|Any CPU.Build.0 = Debug|Any CPU
		{82146C49-1D51-45D1-BA64-BE1DCB67B02F}.Release|Any CPU.ActiveCfg = Release|Any CPU
		{82146C49-1D51-45D1-BA64-BE1DCB67B02F}.Release|Any CPU.Build.0 = Release|Any CPU
		{2003DDF5-F67C-4A39-AE9B-93502156052B}.Debug|Any CPU.ActiveCfg = Debug|Any CPU
		{2003DDF5-F67C-4A39-AE9B-93502156052B}.Debug|Any CPU.Build.0 = Debug|Any CPU
		{2003DDF5-F67C-4A39-AE9B-93502156052B}.Release|Any CPU.ActiveCfg = Release|Any CPU
		{2003DDF5-F67C-4A39-AE9B-93502156052B}.Release|Any CPU.Build.0 = Release|Any CPU
		{EF07D726-DD79-4ED3-BCE4-FDD8BF1502A5}.Debug|Any CPU.ActiveCfg = Debug|Any CPU
		{EF07D726-DD79-4ED3-BCE4-FDD8BF1502A5}.Debug|Any CPU.Build.0 = Debug|Any CPU
		{EF07D726-DD79-4ED3-BCE4-FDD8BF1502A5}.Release|Any CPU.ActiveCfg = Release|Any CPU
		{EF07D726-DD79-4ED3-BCE4-FDD8BF1502A5}.Release|Any CPU.Build.0 = Release|Any CPU
		{2B009F24-AED7-4427-AD9D-BFBD9F7ED2A8}.Debug|Any CPU.ActiveCfg = Debug|Any CPU
		{2B009F24-AED7-4427-AD9D-BFBD9F7ED2A8}.Debug|Any CPU.Build.0 = Debug|Any CPU
		{2B009F24-AED7-4427-AD9D-BFBD9F7ED2A8}.Release|Any CPU.ActiveCfg = Release|Any CPU
		{2B009F24-AED7-4427-AD9D-BFBD9F7ED2A8}.Release|Any CPU.Build.0 = Release|Any CPU
		{0C35626A-0BA0-42B3-B245-888042807E9D}.Debug|Any CPU.ActiveCfg = Debug|Any CPU
		{0C35626A-0BA0-42B3-B245-888042807E9D}.Debug|Any CPU.Build.0 = Debug|Any CPU
		{0C35626A-0BA0-42B3-B245-888042807E9D}.Release|Any CPU.ActiveCfg = Release|Any CPU
		{0C35626A-0BA0-42B3-B245-888042807E9D}.Release|Any CPU.Build.0 = Release|Any CPU
		{D4BBD9A7-1BB9-4A85-8A32-A462B36410EF}.Debug|Any CPU.ActiveCfg = Debug|Any CPU
		{D4BBD9A7-1BB9-4A85-8A32-A462B36410EF}.Debug|Any CPU.Build.0 = Debug|Any CPU
		{D4BBD9A7-1BB9-4A85-8A32-A462B36410EF}.Release|Any CPU.ActiveCfg = Release|Any CPU
		{D4BBD9A7-1BB9-4A85-8A32-A462B36410EF}.Release|Any CPU.Build.0 = Release|Any CPU
		{2F88DB58-8D5F-4D54-A3D1-785BE643FE6F}.Debug|Any CPU.ActiveCfg = Debug|Any CPU
		{2F88DB58-8D5F-4D54-A3D1-785BE643FE6F}.Debug|Any CPU.Build.0 = Debug|Any CPU
		{2F88DB58-8D5F-4D54-A3D1-785BE643FE6F}.Release|Any CPU.ActiveCfg = Release|Any CPU
		{2F88DB58-8D5F-4D54-A3D1-785BE643FE6F}.Release|Any CPU.Build.0 = Release|Any CPU
		{BF8B3021-3312-4008-8749-1938E6DACE51}.Debug|Any CPU.ActiveCfg = Debug|Any CPU
		{BF8B3021-3312-4008-8749-1938E6DACE51}.Debug|Any CPU.Build.0 = Debug|Any CPU
		{BF8B3021-3312-4008-8749-1938E6DACE51}.Release|Any CPU.ActiveCfg = Release|Any CPU
		{BF8B3021-3312-4008-8749-1938E6DACE51}.Release|Any CPU.Build.0 = Release|Any CPU
		{63C73A2C-528A-40D9-9EE2-D39F0BEC6270}.Debug|Any CPU.ActiveCfg = Debug|Any CPU
		{63C73A2C-528A-40D9-9EE2-D39F0BEC6270}.Debug|Any CPU.Build.0 = Debug|Any CPU
		{63C73A2C-528A-40D9-9EE2-D39F0BEC6270}.Release|Any CPU.ActiveCfg = Release|Any CPU
		{63C73A2C-528A-40D9-9EE2-D39F0BEC6270}.Release|Any CPU.Build.0 = Release|Any CPU
		{A9969405-B5CC-4057-A43D-7EEF565889EC}.Debug|Any CPU.ActiveCfg = Debug|Any CPU
		{A9969405-B5CC-4057-A43D-7EEF565889EC}.Debug|Any CPU.Build.0 = Debug|Any CPU
		{A9969405-B5CC-4057-A43D-7EEF565889EC}.Release|Any CPU.ActiveCfg = Release|Any CPU
		{A9969405-B5CC-4057-A43D-7EEF565889EC}.Release|Any CPU.Build.0 = Release|Any CPU
		{C1A8176B-9386-4B80-806B-B584E8A20379}.Debug|Any CPU.ActiveCfg = Debug|Any CPU
		{C1A8176B-9386-4B80-806B-B584E8A20379}.Debug|Any CPU.Build.0 = Debug|Any CPU
		{C1A8176B-9386-4B80-806B-B584E8A20379}.Release|Any CPU.ActiveCfg = Release|Any CPU
		{C1A8176B-9386-4B80-806B-B584E8A20379}.Release|Any CPU.Build.0 = Release|Any CPU
		{CE2FCD9B-63DE-486A-A97B-3C9B1FC7DA63}.Debug|Any CPU.ActiveCfg = Debug|Any CPU
		{CE2FCD9B-63DE-486A-A97B-3C9B1FC7DA63}.Debug|Any CPU.Build.0 = Debug|Any CPU
		{CE2FCD9B-63DE-486A-A97B-3C9B1FC7DA63}.Release|Any CPU.ActiveCfg = Release|Any CPU
		{CE2FCD9B-63DE-486A-A97B-3C9B1FC7DA63}.Release|Any CPU.Build.0 = Release|Any CPU
	EndGlobalSection
	GlobalSection(SolutionProperties) = preSolution
		HideSolutionNode = FALSE
	EndGlobalSection
EndGlobal
